
Microsoft Visual Studio Solution File, Format Version 12.00
Project("{FAE04EC0-301F-11D3-BF4B-00C04F79EFBC}") = "Scorer", "Scorer\Scorer.csproj", "{8C97D5BE-6CE2-4BF0-986B-CCBB05FCCFEC}"
EndProject
Project("{FAE04EC0-301F-11D3-BF4B-00C04F79EFBC}") = "ScorerTests", "ScorerTests\ScorerTests.csproj", "{3B95400E-654C-45BB-8C44-FC77753DDCC5}"
EndProject
Global
	GlobalSection(SolutionConfigurationPlatforms) = preSolution
		Debug|Any CPU = Debug|Any CPU
		Release|Any CPU = Release|Any CPU
	EndGlobalSection
	GlobalSection(ProjectConfigurationPlatforms) = postSolution
		{8C97D5BE-6CE2-4BF0-986B-CCBB05FCCFEC}.Debug|Any CPU.ActiveCfg = Debug|Any CPU
		{8C97D5BE-6CE2-4BF0-986B-CCBB05FCCFEC}.Debug|Any CPU.Build.0 = Debug|Any CPU
		{8C97D5BE-6CE2-4BF0-986B-CCBB05FCCFEC}.Release|Any CPU.ActiveCfg = Release|Any CPU
		{8C97D5BE-6CE2-4BF0-986B-CCBB05FCCFEC}.Release|Any CPU.Build.0 = Release|Any CPU
		{3B95400E-654C-45BB-8C44-FC77753DDCC5}.Debug|Any CPU.ActiveCfg = Debug|Any CPU
		{3B95400E-654C-45BB-8C44-FC77753DDCC5}.Debug|Any CPU.Build.0 = Debug|Any CPU
		{3B95400E-654C-45BB-8C44-FC77753DDCC5}.Release|Any CPU.ActiveCfg = Release|Any CPU
		{3B95400E-654C-45BB-8C44-FC77753DDCC5}.Release|Any CPU.Build.0 = Release|Any CPU
	EndGlobalSection
EndGlobal
